
Microsoft Visual Studio Solution File, Format Version 12.00
# Visual Studio Version 17
VisualStudioVersion = 17.7.34031.279
MinimumVisualStudioVersion = 10.0.40219.1
Project("{FAE04EC0-301F-11D3-BF4B-00C04F79EFBC}") = "OOPLR1", "OOPLR1\OOPLR1.csproj", "{90EE5B1A-4537-4B47-9443-362EBE15836A}"
EndProject
Global
	GlobalSection(SolutionConfigurationPlatforms) = preSolution
		Debug|Any CPU = Debug|Any CPU
		Release|Any CPU = Release|Any CPU
	EndGlobalSection
	GlobalSection(ProjectConfigurationPlatforms) = postSolution
		{90EE5B1A-4537-4B47-9443-362EBE15836A}.Debug|Any CPU.ActiveCfg = Debug|Any CPU
		{90EE5B1A-4537-4B47-9443-362EBE15836A}.Debug|Any CPU.Build.0 = Debug|Any CPU
		{90EE5B1A-4537-4B47-9443-362EBE15836A}.Release|Any CPU.ActiveCfg = Release|Any CPU
		{90EE5B1A-4537-4B47-9443-362EBE15836A}.Release|Any CPU.Build.0 = Release|Any CPU
	EndGlobalSection
	GlobalSection(SolutionProperties) = preSolution
		HideSolutionNode = FALSE
	EndGlobalSection
	GlobalSection(ExtensibilityGlobals) = postSolution
		SolutionGuid = {CCFC6EF2-8B8F-469B-A8DC-3FF4B5BF50B4}
	EndGlobalSection
EndGlobal
